
Microsoft Visual Studio Solution File, Format Version 12.00
# Visual Studio Version 17
VisualStudioVersion = 17.4.33403.182
MinimumVisualStudioVersion = 10.0.40219.1
Project("{9A19103F-16F7-4668-BE54-9A1E7A4F7556}") = "NetHeveUTIL", "NetHeveUTIL.csproj", "{700E7B4E-65AA-4AA4-BF9C-BAF6952397CE}"
EndProject
Project("{FAE04EC0-301F-11D3-BF4B-00C04F79EFBC}") = "NgetesAjah", "..\NgetesAjah\NgetesAjah.csproj", "{8FEB36D6-2A3D-42F8-AD06-311A81DAEFBB}"
EndProject
Global
	GlobalSection(SolutionConfigurationPlatforms) = preSolution
		Debug|Any CPU = Debug|Any CPU
		Release|Any CPU = Release|Any CPU
	EndGlobalSection
	GlobalSection(ProjectConfigurationPlatforms) = postSolution
		{700E7B4E-65AA-4AA4-BF9C-BAF6952397CE}.Debug|Any CPU.ActiveCfg = Debug|Any CPU
		{700E7B4E-65AA-4AA4-BF9C-BAF6952397CE}.Debug|Any CPU.Build.0 = Debug|Any CPU
		{700E7B4E-65AA-4AA4-BF9C-BAF6952397CE}.Release|Any CPU.ActiveCfg = Release|Any CPU
		{700E7B4E-65AA-4AA4-BF9C-BAF6952397CE}.Release|Any CPU.Build.0 = Release|Any CPU
		{8FEB36D6-2A3D-42F8-AD06-311A81DAEFBB}.Debug|Any CPU.ActiveCfg = Debug|Any CPU
		{8FEB36D6-2A3D-42F8-AD06-311A81DAEFBB}.Debug|Any CPU.Build.0 = Debug|Any CPU
		{8FEB36D6-2A3D-42F8-AD06-311A81DAEFBB}.Release|Any CPU.ActiveCfg = Release|Any CPU
		{8FEB36D6-2A3D-42F8-AD06-311A81DAEFBB}.Release|Any CPU.Build.0 = Release|Any CPU
	EndGlobalSection
	GlobalSection(SolutionProperties) = preSolution
		HideSolutionNode = FALSE
	EndGlobalSection
	GlobalSection(ExtensibilityGlobals) = postSolution
		SolutionGuid = {2E5BFC78-E1EC-44D4-84C7-06DFAC5FF898}
	EndGlobalSection
EndGlobal
